[root]
name = "kernel"
version = "0.0.0"
dependencies = [
 "alloc_system 0.0.0",
 "libc 0.0.0",
 "syscall 0.0.0",
]

[[package]]
name = "alloc_system"
version = "0.0.0"
dependencies = [
 "libc 0.0.0",
]

[[package]]
name = "libc"
version = "0.0.0"

[[package]]
name = "syscall"
version = "0.0.0"
dependencies = [
 "libc 0.0.0",
]

