# This file is automatically @generated by Cargo.
# It is not intended for manual editing.
[[package]]
name = "libc"
version = "0.0.0"

[[package]]
name = "os"
version = "0.0.0"
dependencies = [
 "libc 0.0.0",
 "syscall 0.0.0",
]

[[package]]
name = "std"
version = "0.0.0"
dependencies = [
 "libc 0.0.0",
 "os 0.0.0",
 "syscall 0.0.0",
]

[[package]]
name = "syscall"
version = "0.0.0"
dependencies = [
 "libc 0.0.0",
]

