# This file is automatically @generated by Cargo.
# It is not intended for manual editing.
[[package]]
name = "alloc_system"
version = "0.0.0"
dependencies = [
 "libc",
]

[[package]]
name = "input"
version = "0.0.0"
dependencies = [
 "alloc_system",
 "rt",
]

[[package]]
name = "libc"
version = "0.0.0"

[[package]]
name = "rt"
version = "0.0.0"
