[root]
name = "input"
version = "0.0.0"
dependencies = [
 "alloc_system 0.0.0",
 "std 0.0.0",
 "syscall 0.0.0",
]

[[package]]
name = "alloc_system"
version = "0.0.0"
dependencies = [
 "libc 0.0.0",
]

[[package]]
name = "cairo"
version = "0.0.0"
dependencies = [
 "libc 0.0.0",
]

[[package]]
name = "cairo_demo"
version = "0.0.0"
dependencies = [
 "alloc_system 0.0.0",
 "cairo 0.0.0",
 "libc 0.0.0",
 "std 0.0.0",
 "syscall 0.0.0",
]

[[package]]
name = "graphics"
version = "0.0.0"
dependencies = [
 "cairo 0.0.0",
 "std 0.0.0",
]

[[package]]
name = "graphics_client"
version = "0.0.0"
dependencies = [
 "alloc_system 0.0.0",
 "cairo 0.0.0",
 "graphics 0.0.0",
 "std 0.0.0",
 "syscall 0.0.0",
]

[[package]]
name = "graphics_server"
version = "0.0.0"
dependencies = [
 "alloc_system 0.0.0",
 "cairo 0.0.0",
 "graphics 0.0.0",
 "std 0.0.0",
 "syscall 0.0.0",
]

[[package]]
name = "hello"
version = "0.0.0"
dependencies = [
 "alloc_system 0.0.0",
 "std 0.0.0",
 "syscall 0.0.0",
]

[[package]]
name = "libc"
version = "0.0.0"

[[package]]
name = "std"
version = "0.0.0"
dependencies = [
 "libc 0.0.0",
 "syscall 0.0.0",
]

[[package]]
name = "syscall"
version = "0.0.0"
dependencies = [
 "libc 0.0.0",
]

