# This file is automatically @generated by Cargo.
# It is not intended for manual editing.
[[package]]
name = "alloc_system"
version = "0.0.0"
dependencies = [
 "libc",
]

[[package]]
name = "byteorder"
version = "1.2.7"
source = "registry+https://github.com/rust-lang/crates.io-index"
checksum = "94f88df23a25417badc922ab0f5716cc1330e87f71ddd9203b3a3ccd9cedf75d"

[[package]]
name = "cairo"
version = "0.0.0"

[[package]]
name = "corepack"
version = "0.4.0"
source = "registry+https://github.com/rust-lang/crates.io-index"
checksum = "6a0fe61fd5817d0c94d1a36c70cdcd0c40d3cebe0f6a390e9a030ed4206775a5"
dependencies = [
 "byteorder",
 "serde",
]

[[package]]
name = "graphics"
version = "0.0.0"
dependencies = [
 "alloc_system",
 "cairo",
 "corepack",
 "rt",
 "serde",
 "serde_derive",
]

[[package]]
name = "graphics_server"
version = "0.0.0"
dependencies = [
 "alloc_system",
 "cairo",
 "graphics",
 "rt",
 "serde",
]

[[package]]
name = "libc"
version = "0.0.0"

[[package]]
name = "proc-macro2"
version = "1.0.10"
source = "registry+https://github.com/rust-lang/crates.io-index"
checksum = "df246d292ff63439fea9bc8c0a270bed0e390d5ebd4db4ba15aba81111b5abe3"
dependencies = [
 "unicode-xid",
]

[[package]]
name = "quote"
version = "1.0.3"
source = "registry+https://github.com/rust-lang/crates.io-index"
checksum = "2bdc6c187c65bca4260c9011c9e3132efe4909da44726bad24cf7572ae338d7f"
dependencies = [
 "proc-macro2",
]

[[package]]
name = "rt"
version = "0.0.0"

[[package]]
name = "serde"
version = "1.0.105"
source = "registry+https://github.com/rust-lang/crates.io-index"
checksum = "e707fbbf255b8fc8c3b99abb91e7257a622caeb20a9818cbadbeeede4e0932ff"

[[package]]
name = "serde_derive"
version = "1.0.105"
source = "registry+https://github.com/rust-lang/crates.io-index"
checksum = "ac5d00fc561ba2724df6758a17de23df5914f20e41cb00f94d5b7ae42fffaff8"
dependencies = [
 "proc-macro2",
 "quote",
 "syn",
]

[[package]]
name = "syn"
version = "1.0.17"
source = "registry+https://github.com/rust-lang/crates.io-index"
checksum = "0df0eb663f387145cab623dea85b09c2c5b4b0aef44e945d928e682fce71bb03"
dependencies = [
 "proc-macro2",
 "quote",
 "unicode-xid",
]

[[package]]
name = "unicode-xid"
version = "0.2.0"
source = "registry+https://github.com/rust-lang/crates.io-index"
checksum = "826e7639553986605ec5979c7dd957c7895e93eabed50ab2ffa7f6128a75097c"
