# This file is automatically @generated by Cargo.
# It is not intended for manual editing.
[[package]]
name = "ahash"
version = "0.3.2"
source = "registry+https://github.com/rust-lang/crates.io-index"
checksum = "0989268a37e128d4d7a8028f1c60099430113fdbc70419010601ce51a228e4fe"

[[package]]
name = "alloc_system"
version = "0.0.0"
dependencies = [
 "libc",
]

[[package]]
name = "autocfg"
version = "1.0.0"
source = "registry+https://github.com/rust-lang/crates.io-index"
checksum = "f8aac770f1885fd7e387acedd76065302551364496e46b3dd00860b2f8359b9d"

[[package]]
name = "byteorder"
version = "1.3.4"
source = "registry+https://github.com/rust-lang/crates.io-index"
checksum = "08c48aae112d48ed9f069b33538ea9e3e90aa263cfa3d1c24309612b1f7472de"

[[package]]
name = "cairo"
version = "0.0.0"
dependencies = [
 "libc",
]

[[package]]
name = "cairo_demo"
version = "0.0.0"
dependencies = [
 "alloc_system",
 "cairo",
 "libc",
 "os",
 "rt",
 "std",
 "syscall",
]

[[package]]
name = "corepack"
version = "0.4.1"
source = "registry+https://github.com/rust-lang/crates.io-index"
checksum = "66e9613867d14d54b867f7612db1025135eec1f111573a4febc5b362715a7d62"
dependencies = [
 "byteorder",
 "serde",
]

[[package]]
name = "graphics"
version = "0.0.0"
dependencies = [
 "alloc_system",
 "cairo",
 "corepack",
 "hashbrown",
 "hecs",
 "os",
 "rt",
 "serde",
 "serde_derive",
 "std",
 "syscall",
]

[[package]]
name = "graphics_client"
version = "0.0.0"
dependencies = [
 "alloc_system",
 "cairo",
 "graphics",
 "hecs",
 "os",
 "rt",
 "serde",
 "std",
 "syscall",
]

[[package]]
name = "graphics_server"
version = "0.0.0"
dependencies = [
 "alloc_system",
 "cairo",
 "graphics",
 "os",
 "rt",
 "serde",
 "std",
 "syscall",
]

[[package]]
name = "hashbrown"
version = "0.7.1"
source = "registry+https://github.com/rust-lang/crates.io-index"
checksum = "479e9d9a1a3f8c489868a935b557ab5710e3e223836da2ecd52901d88935cb56"
dependencies = [
 "ahash",
 "autocfg",
]

[[package]]
name = "hecs"
version = "0.2.10"
source = "git+https://github.com/1tgr/hecs.git?rev=2f50eb184834a3693b68f5ce7901beeacf4e0189#2f50eb184834a3693b68f5ce7901beeacf4e0189"
dependencies = [
 "hashbrown",
]

[[package]]
name = "hello"
version = "0.0.0"
dependencies = [
 "alloc_system",
 "rt",
 "std",
]

[[package]]
name = "input"
version = "0.0.0"
dependencies = [
 "alloc_system",
 "os",
 "rt",
 "std",
 "syscall",
]

[[package]]
name = "libc"
version = "0.0.0"

[[package]]
name = "os"
version = "0.0.0"
dependencies = [
 "libc",
 "syscall",
]

[[package]]
name = "proc-macro2"
version = "1.0.10"
source = "registry+https://github.com/rust-lang/crates.io-index"
checksum = "df246d292ff63439fea9bc8c0a270bed0e390d5ebd4db4ba15aba81111b5abe3"
dependencies = [
 "unicode-xid",
]

[[package]]
name = "quote"
version = "1.0.3"
source = "registry+https://github.com/rust-lang/crates.io-index"
checksum = "2bdc6c187c65bca4260c9011c9e3132efe4909da44726bad24cf7572ae338d7f"
dependencies = [
 "proc-macro2",
]

[[package]]
name = "rt"
version = "0.0.0"
dependencies = [
 "libc",
 "syscall",
]

[[package]]
name = "serde"
version = "1.0.106"
source = "registry+https://github.com/rust-lang/crates.io-index"
checksum = "36df6ac6412072f67cf767ebbde4133a5b2e88e76dc6187fa7104cd16f783399"

[[package]]
name = "serde_derive"
version = "1.0.106"
source = "registry+https://github.com/rust-lang/crates.io-index"
checksum = "9e549e3abf4fb8621bd1609f11dfc9f5e50320802273b12f3811a67e6716ea6c"
dependencies = [
 "proc-macro2",
 "quote",
 "syn",
]

[[package]]
name = "std"
version = "0.0.0"
dependencies = [
 "libc",
 "os",
 "syscall",
]

[[package]]
name = "syn"
version = "1.0.17"
source = "registry+https://github.com/rust-lang/crates.io-index"
checksum = "0df0eb663f387145cab623dea85b09c2c5b4b0aef44e945d928e682fce71bb03"
dependencies = [
 "proc-macro2",
 "quote",
 "unicode-xid",
]

[[package]]
name = "syscall"
version = "0.0.0"
dependencies = [
 "libc",
]

[[package]]
name = "unicode-xid"
version = "0.2.0"
source = "registry+https://github.com/rust-lang/crates.io-index"
checksum = "826e7639553986605ec5979c7dd957c7895e93eabed50ab2ffa7f6128a75097c"
